version: 1.0
shards:
  perlin_noise:
    github: redcodefinal/perlin_noise
    commit: 4603eac36c060b14c4d5be81282654af774ce276

  stumpy_core:
    git: https://github.com/l3kn/stumpy_core.git
    commit: 0764149a3f4d1c92748bf1275c73c0cdbe96fcb6

  stumpy_png:
    github: l3kn/stumpy_png
    version: 4.1.1

  world_gen:
    github: redcodefinal/world_gen
    commit: 7fb9b55597e1be8ef2cd475cfac63f6004b79c59

